
Microsoft Visual Studio Solution File, Format Version 12.00
# Visual Studio Version 17
VisualStudioVersion = 17.8.34330.188
MinimumVisualStudioVersion = 10.0.40219.1
Project("{9A19103F-16F7-4668-BE54-9A1E7A4F7556}") = "BankSystemMVC", "BankSystemMVC\BankSystemMVC.csproj", "{7F422848-98D4-4B81-9B6F-D51EBCCDE62E}"
EndProject
Project("{9A19103F-16F7-4668-BE54-9A1E7A4F7556}") = "BankSystem.EF", "BankSystemEF\BankSystem.EF.csproj", "{4A6F174C-453E-46CE-8460-9ED05A0C4B90}"
EndProject
Project("{9A19103F-16F7-4668-BE54-9A1E7A4F7556}") = "BankSystem.Core", "BankSystem.Core\BankSystem.Core.csproj", "{960BB093-D893-4243-85FA-6963B25E6388}"
EndProject
Project("{FAE04EC0-301F-11D3-BF4B-00C04F79EFBC}") = "Reports", "Reports\Reports.csproj", "{D30DD9A0-1FA0-4441-AC91-D5000BA29012}"
EndProject
Global
	GlobalSection(SolutionConfigurationPlatforms) = preSolution
		Debug|Any CPU = Debug|Any CPU
		Release|Any CPU = Release|Any CPU
	EndGlobalSection
	GlobalSection(ProjectConfigurationPlatforms) = postSolution
		{7F422848-98D4-4B81-9B6F-D51EBCCDE62E}.Debug|Any CPU.ActiveCfg = Debug|Any CPU
		{7F422848-98D4-4B81-9B6F-D51EBCCDE62E}.Debug|Any CPU.Build.0 = Debug|Any CPU
		{7F422848-98D4-4B81-9B6F-D51EBCCDE62E}.Release|Any CPU.ActiveCfg = Release|Any CPU
		{7F422848-98D4-4B81-9B6F-D51EBCCDE62E}.Release|Any CPU.Build.0 = Release|Any CPU
		{4A6F174C-453E-46CE-8460-9ED05A0C4B90}.Debug|Any CPU.ActiveCfg = Debug|Any CPU
		{4A6F174C-453E-46CE-8460-9ED05A0C4B90}.Debug|Any CPU.Build.0 = Debug|Any CPU
		{4A6F174C-453E-46CE-8460-9ED05A0C4B90}.Release|Any CPU.ActiveCfg = Release|Any CPU
		{4A6F174C-453E-46CE-8460-9ED05A0C4B90}.Release|Any CPU.Build.0 = Release|Any CPU
		{960BB093-D893-4243-85FA-6963B25E6388}.Debug|Any CPU.ActiveCfg = Debug|Any CPU
		{960BB093-D893-4243-85FA-6963B25E6388}.Debug|Any CPU.Build.0 = Debug|Any CPU
		{960BB093-D893-4243-85FA-6963B25E6388}.Release|Any CPU.ActiveCfg = Release|Any CPU
		{960BB093-D893-4243-85FA-6963B25E6388}.Release|Any CPU.Build.0 = Release|Any CPU
		{D30DD9A0-1FA0-4441-AC91-D5000BA29012}.Debug|Any CPU.ActiveCfg = Debug|Any CPU
		{D30DD9A0-1FA0-4441-AC91-D5000BA29012}.Debug|Any CPU.Build.0 = Debug|Any CPU
		{D30DD9A0-1FA0-4441-AC91-D5000BA29012}.Release|Any CPU.ActiveCfg = Release|Any CPU
		{D30DD9A0-1FA0-4441-AC91-D5000BA29012}.Release|Any CPU.Build.0 = Release|Any CPU
	EndGlobalSection
	GlobalSection(SolutionProperties) = preSolution
		HideSolutionNode = FALSE
	EndGlobalSection
	GlobalSection(ExtensibilityGlobals) = postSolution
		SolutionGuid = {0F52002A-9E26-4F85-A35A-95BCEE7F8DEC}
	EndGlobalSection
EndGlobal
